
Microsoft Visual Studio Solution File, Format Version 12.00
# Visual Studio Version 16
VisualStudioVersion = 16.0.31205.134
MinimumVisualStudioVersion = 10.0.40219.1
Project("{FAE04EC0-301F-11D3-BF4B-00C04F79EFBC}") = "SAPIForVOICEVOX", "SAPIForVOICEVOX\SAPIForVOICEVOX.csproj", "{0FF58D47-C1C9-4873-8B1A-86D5123EF3FD}"
EndProject
Project("{54435603-DBB4-11D2-8724-00A0C9A8B90C}") = "Setup", "Setup\Setup.vdproj", "{813DDFEA-F8D1-4A87-A138-5BF1559B1E79}"
EndProject
Project("{FAE04EC0-301F-11D3-BF4B-00C04F79EFBC}") = "SetupCustomActions", "SetupCustomActions\SetupCustomActions.csproj", "{1D19776F-BC51-4CA9-BACD-130ED51DE554}"
EndProject
Global
	GlobalSection(SolutionConfigurationPlatforms) = preSolution
		Debug|x86 = Debug|x86
		Release|x86 = Release|x86
	EndGlobalSection
	GlobalSection(ProjectConfigurationPlatforms) = postSolution
		{0FF58D47-C1C9-4873-8B1A-86D5123EF3FD}.Debug|x86.ActiveCfg = Debug|Any CPU
		{0FF58D47-C1C9-4873-8B1A-86D5123EF3FD}.Debug|x86.Build.0 = Debug|Any CPU
		{0FF58D47-C1C9-4873-8B1A-86D5123EF3FD}.Release|x86.ActiveCfg = Release|Any CPU
		{0FF58D47-C1C9-4873-8B1A-86D5123EF3FD}.Release|x86.Build.0 = Release|Any CPU
		{813DDFEA-F8D1-4A87-A138-5BF1559B1E79}.Debug|x86.ActiveCfg = Debug
		{813DDFEA-F8D1-4A87-A138-5BF1559B1E79}.Release|x86.ActiveCfg = Release
		{1D19776F-BC51-4CA9-BACD-130ED51DE554}.Debug|x86.ActiveCfg = Debug|Any CPU
		{1D19776F-BC51-4CA9-BACD-130ED51DE554}.Debug|x86.Build.0 = Debug|Any CPU
		{1D19776F-BC51-4CA9-BACD-130ED51DE554}.Release|x86.ActiveCfg = Release|Any CPU
		{1D19776F-BC51-4CA9-BACD-130ED51DE554}.Release|x86.Build.0 = Release|Any CPU
	EndGlobalSection
	GlobalSection(SolutionProperties) = preSolution
		HideSolutionNode = FALSE
	EndGlobalSection
	GlobalSection(ExtensibilityGlobals) = postSolution
		SolutionGuid = {91199FAA-211A-463D-BDF8-09D198C98E74}
	EndGlobalSection
EndGlobal
